
Microsoft Visual Studio Solution File, Format Version 12.00
# Visual Studio 15
VisualStudioVersion = 15.0.27428.2015
MinimumVisualStudioVersion = 10.0.40219.1
Project("{FAE04EC0-301F-11D3-BF4B-00C04F79EFBC}") = "firefly", "firefly\firefly.csproj", "{9AC65CD1-C535-465B-8B80-ADB1CA0E54E4}"
EndProject
Global
	GlobalSection(SolutionConfigurationPlatforms) = preSolution
		Debug|Any CPU = Debug|Any CPU
		Release|Any CPU = Release|Any CPU
	EndGlobalSection
	GlobalSection(ProjectConfigurationPlatforms) = postSolution
		{9AC65CD1-C535-465B-8B80-ADB1CA0E54E4}.Debug|Any CPU.ActiveCfg = Debug|Any CPU
		{9AC65CD1-C535-465B-8B80-ADB1CA0E54E4}.Debug|Any CPU.Build.0 = Debug|Any CPU
		{9AC65CD1-C535-465B-8B80-ADB1CA0E54E4}.Release|Any CPU.ActiveCfg = Release|Any CPU
		{9AC65CD1-C535-465B-8B80-ADB1CA0E54E4}.Release|Any CPU.Build.0 = Release|Any CPU
	EndGlobalSection
	GlobalSection(SolutionProperties) = preSolution
		HideSolutionNode = FALSE
	EndGlobalSection
	GlobalSection(ExtensibilityGlobals) = postSolution
		SolutionGuid = {6AD5FDB9-20A8-4114-A9E6-3C15C29D642F}
	EndGlobalSection
EndGlobal
